// !$*UTF8*$!
{
	archiveVersion = 1;
	classes = {
	};
	objectVersion = 56;
	objects = {

/* Begin PBXBuildFile section */
		241DBAF32C5D4CE400E9156F /* UMaxAppApp.swift in Sources */ = {isa = PBXBuildFile; fileRef = 241DBAF22C5D4CE400E9156F /* UMaxAppApp.swift */; };
		241DBAF52C5D4CE400E9156F /* ContentView.swift in Sources */ = {isa = PBXBuildFile; fileRef = 241DBAF42C5D4CE400E9156F /* ContentView.swift */; };
		241DBAF72C5D4CE700E9156F /* Assets.xcassets in Resources */ = {isa = PBXBuildFile; fileRef = 241DBAF62C5D4CE700E9156F /* Assets.xcassets */; };
		241DBAFA2C5D4CE700E9156F /* Preview Assets.xcassets in Resources */ = {isa = PBXBuildFile; fileRef = 241DBAF92C5D4CE700E9156F /* Preview Assets.xcassets */; };
		241DBB042C5D4CE700E9156F /* UMaxAppTests.swift in Sources */ = {isa = PBXBuildFile; fileRef = 241DBB032C5D4CE700E9156F /* UMaxAppTests.swift */; };
		241DBB0E2C5D4CE700E9156F /* UMaxAppUITests.swift in Sources */ = {isa = PBXBuildFile; fileRef = 241DBB0D2C5D4CE700E9156F /* UMaxAppUITests.swift */; };
		241DBB102C5D4CE700E9156F /* UMaxAppUITestsLaunchTests.swift in Sources */ = {isa = PBXBuildFile; fileRef = 241DBB0F2C5D4CE700E9156F /* UMaxAppUITestsLaunchTests.swift */; };
/* End PBXBuildFile section */

/* Begin PBXContainerItemProxy section */
		241DBB002C5D4CE700E9156F /* PBXContainerItemProxy */ = {
			isa = PBXContainerItemProxy;
			containerPortal = 241DBAE72C5D4CE400E9156F /* Project object */;
			proxyType = 1;
			remoteGlobalIDString = 241DBAEE2C5D4CE400E9156F;
			remoteInfo = UMaxApp;
		};
		241DBB0A2C5D4CE700E9156F /* PBXContainerItemProxy */ = {
			isa = PBXContainerItemProxy;
			containerPortal = 241DBAE72C5D4CE400E9156F /* Project object */;
			proxyType = 1;
			remoteGlobalIDString = 241DBAEE2C5D4CE400E9156F;
			remoteInfo = UMaxApp;
		};
/* End PBXContainerItemProxy section */

/* Begin PBXFileReference section */
		241DBAEF2C5D4CE400E9156F /* UMaxApp.app */ = {isa = PBXFileReference; explicitFileType = wrapper.application; includeInIndex = 0; path = UMaxApp.app; sourceTree = BUILT_PRODUCTS_DIR; };
		241DBAF22C5D4CE400E9156F /* UMaxAppApp.swift */ = {isa = PBXFileReference; lastKnownFileType = sourcecode.swift; path = UMaxAppApp.swift; sourceTree = "<group>"; };
		241DBAF42C5D4CE400E9156F /* ContentView.swift */ = {isa = PBXFileReference; lastKnownFileType = sourcecode.swift; path = ContentView.swift; sourceTree = "<group>"; };
		241DBAF62C5D4CE700E9156F /* Assets.xcassets */ = {isa = PBXFileReference; lastKnownFileType = folder.assetcatalog; path = Assets.xcassets; sourceTree = "<group>"; };
		241DBAF92C5D4CE700E9156F /* Preview Assets.xcassets */ = {isa = PBXFileReference; lastKnownFileType = folder.assetcatalog; path = "Preview Assets.xcassets"; sourceTree = "<group>"; };
		241DBAFF2C5D4CE700E9156F /* UMaxAppTests.xctest */ = {isa = PBXFileReference; explicitFileType = wrapper.cfbundle; includeInIndex = 0; path = UMaxAppTests.xctest; sourceTree = BUILT_PRODUCTS_DIR; };
		241DBB032C5D4CE700E9156F /* UMaxAppTests.swift */ = {isa = PBXFileReference; lastKnownFileType = sourcecode.swift; path = UMaxAppTests.swift; sourceTree = "<group>"; };
		241DBB092C5D4CE700E9156F /* UMaxAppUITests.xctest */ = {isa = PBXFileReference; explicitFileType = wrapper.cfbundle; includeInIndex = 0; path = UMaxAppUITests.xctest; sourceTree = BUILT_PRODUCTS_DIR; };
		241DBB0D2C5D4CE700E9156F /* UMaxAppUITests.swift */ = {isa = PBXFileReference; lastKnownFileType = sourcecode.swift; path = UMaxAppUITests.swift; sourceTree = "<group>"; };
		241DBB0F2C5D4CE700E9156F /* UMaxAppUITestsLaunchTests.swift */ = {isa = PBXFileReference; lastKnownFileType = sourcecode.swift; path = UMaxAppUITestsLaunchTests.swift; sourceTree = "<group>"; };
/* End PBXFileReference section */

/* Begin PBXFrameworksBuildPhase section */
		241DBAEC2C5D4CE400E9156F /* Frameworks */ = {
			isa = PBXFrameworksBuildPhase;
			buildActionMask = 2147483647;
			files = (
			);
			runOnlyForDeploymentPostprocessing = 0;
		};
		241DBAFC2C5D4CE700E9156F /* Frameworks */ = {
			isa = PBXFrameworksBuildPhase;
			buildActionMask = 2147483647;
			files = (
			);
			runOnlyForDeploymentPostprocessing = 0;
		};
		241DBB062C5D4CE700E9156F /* Frameworks */ = {
			isa = PBXFrameworksBuildPhase;
			buildActionMask = 2147483647;
			files = (
			);
			runOnlyForDeploymentPostprocessing = 0;
		};
/* End PBXFrameworksBuildPhase section */

/* Begin PBXGroup section */
		241DBAE62C5D4CE400E9156F = {
			isa = PBXGroup;
			children = (
				241DBAF12C5D4CE400E9156F /* UMaxApp */,
				241DBB022C5D4CE700E9156F /* UMaxAppTests */,
				241DBB0C2C5D4CE700E9156F /* UMaxAppUITests */,
				241DBAF02C5D4CE400E9156F /* Products */,
			);
			sourceTree = "<group>";
		};
		241DBAF02C5D4CE400E9156F /* Products */ = {
			isa = PBXGroup;
			children = (
				241DBAEF2C5D4CE400E9156F /* UMaxApp.app */,
				241DBAFF2C5D4CE700E9156F /* UMaxAppTests.xctest */,
				241DBB092C5D4CE700E9156F /* UMaxAppUITests.xctest */,
			);
			name = Products;
			sourceTree = "<group>";
		};
		241DBAF12C5D4CE400E9156F /* UMaxApp */ = {
			isa = PBXGroup;
			children = (
				241DBAF22C5D4CE400E9156F /* UMaxAppApp.swift */,
				241DBAF42C5D4CE400E9156F /* ContentView.swift */,
				241DBAF62C5D4CE700E9156F /* Assets.xcassets */,
				241DBAF82C5D4CE700E9156F /* Preview Content */,
			);
			path = UMaxApp;
			sourceTree = "<group>";
		};
		241DBAF82C5D4CE700E9156F /* Preview Content */ = {
			isa = PBXGroup;
			children = (
				241DBAF92C5D4CE700E9156F /* Preview Assets.xcassets */,
			);
			path = "Preview Content";
			sourceTree = "<group>";
		};
		241DBB022C5D4CE700E9156F /* UMaxAppTests */ = {
			isa = PBXGroup;
			children = (
				241DBB032C5D4CE700E9156F /* UMaxAppTests.swift */,
			);
			path = UMaxAppTests;
			sourceTree = "<group>";
		};
		241DBB0C2C5D4CE700E9156F /* UMaxAppUITests */ = {
			isa = PBXGroup;
			children = (
				241DBB0D2C5D4CE700E9156F /* UMaxAppUITests.swift */,
				241DBB0F2C5D4CE700E9156F /* UMaxAppUITestsLaunchTests.swift */,
			);
			path = UMaxAppUITests;
			sourceTree = "<group>";
		};
/* End PBXGroup section */

/* Begin PBXNativeTarget section */
		241DBAEE2C5D4CE400E9156F /* UMaxApp */ = {
			isa = PBXNativeTarget;
			buildConfigurationList = 241DBB132C5D4CE700E9156F /* Build configuration list for PBXNativeTarget "UMaxApp" */;
			buildPhases = (
				241DBAEB2C5D4CE400E9156F /* Sources */,
				241DBAEC2C5D4CE400E9156F /* Frameworks */,
				241DBAED2C5D4CE400E9156F /* Resources */,
			);
			buildRules = (
			);
			dependencies = (
			);
			name = UMaxApp;
			productName = UMaxApp;
			productReference = 241DBAEF2C5D4CE400E9156F /* UMaxApp.app */;
			productType = "com.apple.product-type.application";
		};
		241DBAFE2C5D4CE700E9156F /* UMaxAppTests */ = {
			isa = PBXNativeTarget;
			buildConfigurationList = 241DBB162C5D4CE700E9156F /* Build configuration list for PBXNativeTarget "UMaxAppTests" */;
			buildPhases = (
				241DBAFB2C5D4CE700E9156F /* Sources */,
				241DBAFC2C5D4CE700E9156F /* Frameworks */,
				241DBAFD2C5D4CE700E9156F /* Resources */,
			);
			buildRules = (
			);
			dependencies = (
				241DBB012C5D4CE700E9156F /* PBXTargetDependency */,
			);
			name = UMaxAppTests;
			productName = UMaxAppTests;
			productReference = 241DBAFF2C5D4CE700E9156F /* UMaxAppTests.xctest */;
			productType = "com.apple.product-type.bundle.unit-test";
		};
		241DBB082C5D4CE700E9156F /* UMaxAppUITests */ = {
			isa = PBXNativeTarget;
			buildConfigurationList = 241DBB192C5D4CE700E9156F /* Build configuration list for PBXNativeTarget "UMaxAppUITests" */;
			buildPhases = (
				241DBB052C5D4CE700E9156F /* Sources */,
				241DBB062C5D4CE700E9156F /* Frameworks */,
				241DBB072C5D4CE700E9156F /* Resources */,
			);
			buildRules = (
			);
			dependencies = (
				241DBB0B2C5D4CE700E9156F /* PBXTargetDependency */,
			);
			name = UMaxAppUITests;
			productName = UMaxAppUITests;
			productReference = 241DBB092C5D4CE700E9156F /* UMaxAppUITests.xctest */;
			productType = "com.apple.product-type.bundle.ui-testing";
		};
/* End PBXNativeTarget section */

/* Begin PBXProject section */
		241DBAE72C5D4CE400E9156F /* Project object */ = {
			isa = PBXProject;
			attributes = {
				BuildIndependentTargetsInParallel = 1;
				LastSwiftUpdateCheck = 1540;
				LastUpgradeCheck = 1540;
				TargetAttributes = {
					241DBAEE2C5D4CE400E9156F = {
						CreatedOnToolsVersion = 15.4;
					};
					241DBAFE2C5D4CE700E9156F = {
						CreatedOnToolsVersion = 15.4;
						TestTargetID = 241DBAEE2C5D4CE400E9156F;
					};
					241DBB082C5D4CE700E9156F = {
						CreatedOnToolsVersion = 15.4;
						TestTargetID = 241DBAEE2C5D4CE400E9156F;
					};
				};
			};
			buildConfigurationList = 241DBAEA2C5D4CE400E9156F /* Build configuration list for PBXProject "UMaxApp" */;
			compatibilityVersion = "Xcode 14.0";
			developmentRegion = en;
			hasScannedForEncodings = 0;
			knownRegions = (
				en,
				Base,
			);
			mainGroup = 241DBAE62C5D4CE400E9156F;
			productRefGroup = 241DBAF02C5D4CE400E9156F /* Products */;
			projectDirPath = "";
			projectRoot = "";
			targets = (
				241DBAEE2C5D4CE400E9156F /* UMaxApp */,
				241DBAFE2C5D4CE700E9156F /* UMaxAppTests */,
				241DBB082C5D4CE700E9156F /* UMaxAppUITests */,
			);
		};
/* End PBXProject section */

/* Begin PBXResourcesBuildPhase section */
		241DBAED2C5D4CE400E9156F /* Resources */ = {
			isa = PBXResourcesBuildPhase;
			buildActionMask = 2147483647;
			files = (
				241DBAFA2C5D4CE700E9156F /* Preview Assets.xcassets in Resources */,
				241DBAF72C5D4CE700E9156F /* Assets.xcassets in Resources */,
			);
			runOnlyForDeploymentPostprocessing = 0;
		};
		241DBAFD2C5D4CE700E9156F /* Resources */ = {
			isa = PBXResourcesBuildPhase;
			buildActionMask = 2147483647;
			files = (
			);
			runOnlyForDeploymentPostprocessing = 0;
		};
		241DBB072C5D4CE700E9156F /* Resources */ = {
			isa = PBXResourcesBuildPhase;
			buildActionMask = 2147483647;
			files = (
			);
			runOnlyForDeploymentPostprocessing = 0;
		};
/* End PBXResourcesBuildPhase section */

/* Begin PBXSourcesBuildPhase section */
		241DBAEB2C5D4CE400E9156F /* Sources */ = {
			isa = PBXSourcesBuildPhase;
			buildActionMask = 2147483647;
			files = (
				241DBAF52C5D4CE400E9156F /* ContentView.swift in Sources */,
				241DBAF32C5D4CE400E9156F /* UMaxAppApp.swift in Sources */,
			);
			runOnlyForDeploymentPostprocessing = 0;
		};
		241DBAFB2C5D4CE700E9156F /* Sources */ = {
			isa = PBXSourcesBuildPhase;
			buildActionMask = 2147483647;
			files = (
				241DBB042C5D4CE700E9156F /* UMaxAppTests.swift in Sources */,
			);
			runOnlyForDeploymentPostprocessing = 0;
		};
		241DBB052C5D4CE700E9156F /* Sources */ = {
			isa = PBXSourcesBuildPhase;
			buildActionMask = 2147483647;
			files = (
				241DBB0E2C5D4CE700E9156F /* UMaxAppUITests.swift in Sources */,
				241DBB102C5D4CE700E9156F /* UMaxAppUITestsLaunchTests.swift in Sources */,
			);
			runOnlyForDeploymentPostprocessing = 0;
		};
/* End PBXSourcesBuildPhase section */

/* Begin PBXTargetDependency section */
		241DBB012C5D4CE700E9156F /* PBXTargetDependency */ = {
			isa = PBXTargetDependency;
			target = 241DBAEE2C5D4CE400E9156F /* UMaxApp */;
			targetProxy = 241DBB002C5D4CE700E9156F /* PBXContainerItemProxy */;
		};
		241DBB0B2C5D4CE700E9156F /* PBXTargetDependency */ = {
			isa = PBXTargetDependency;
			target = 241DBAEE2C5D4CE400E9156F /* UMaxApp */;
			targetProxy = 241DBB0A2C5D4CE700E9156F /* PBXContainerItemProxy */;
		};
/* End PBXTargetDependency section */

/* Begin XCBuildConfiguration section */
		241DBB112C5D4CE700E9156F /* Debug */ = {
			isa = XCBuildConfiguration;
			buildSettings = {
				ALWAYS_SEARCH_USER_PATHS = NO;
				ASSETCATALOG_COMPILER_GENERATE_SWIFT_ASSET_SYMBOL_EXTENSIONS = YES;
				CLANG_ANALYZER_NONNULL = YES;
				CLANG_ANALYZER_NUMBER_OBJECT_CONVERSION = YES_AGGRESSIVE;
				CLANG_CXX_LANGUAGE_STANDARD = "gnu++20";
				CLANG_ENABLE_MODULES = YES;
				CLANG_ENABLE_OBJC_ARC = YES;
				CLANG_ENABLE_OBJC_WEAK = YES;
				CLANG_WARN_BLOCK_CAPTURE_AUTORELEASING = YES;
				CLANG_WARN_BOOL_CONVERSION = YES;
				CLANG_WARN_COMMA = YES;
				CLANG_WARN_CONSTANT_CONVERSION = YES;
				CLANG_WARN_DEPRECATED_OBJC_IMPLEMENTATIONS = YES;
				CLANG_WARN_DIRECT_OBJC_ISA_USAGE = YES_ERROR;
				CLANG_WARN_DOCUMENTATION_COMMENTS = YES;
				CLANG_WARN_EMPTY_BODY = YES;
				CLANG_WARN_ENUM_CONVERSION = YES;
				CLANG_WARN_INFINITE_RECURSION = YES;
				CLANG_WARN_INT_CONVERSION = YES;
				CLANG_WARN_NON_LITERAL_NULL_CONVERSION = YES;
				CLANG_WARN_OBJC_IMPLICIT_RETAIN_SELF = YES;
				CLANG_WARN_OBJC_LITERAL_CONVERSION = YES;
				CLANG_WARN_OBJC_ROOT_CLASS = YES_ERROR;
				CLANG_WARN_QUOTED_INCLUDE_IN_FRAMEWORK_HEADER = YES;
				CLANG_WARN_RANGE_LOOP_ANALYSIS = YES;
				CLANG_WARN_STRICT_PROTOTYPES = YES;
				CLANG_WARN_SUSPICIOUS_MOVE = YES;
				CLANG_WARN_UNGUARDED_AVAILABILITY = YES_AGGRESSIVE;
				CLANG_WARN_UNREACHABLE_CODE = YES;
				CLANG_WARN__DUPLICATE_METHOD_MATCH = YES;
				COPY_PHASE_STRIP = NO;
				DEBUG_INFORMATION_FORMAT = dwarf;
				ENABLE_STRICT_OBJC_MSGSEND = YES;
				ENABLE_TESTABILITY = YES;
				ENABLE_USER_SCRIPT_SANDBOXING = YES;
				GCC_C_LANGUAGE_STANDARD = gnu17;
				GCC_DYNAMIC_NO_PIC = NO;
				GCC_NO_COMMON_BLOCKS = YES;
				GCC_OPTIMIZATION_LEVEL = 0;
				GCC_PREPROCESSOR_DEFINITIONS = (
					"DEBUG=1",
					"$(inherited)",
				);
				GCC_WARN_64_TO_32_BIT_CONVERSION = YES;
				GCC_WARN_ABOUT_RETURN_TYPE = YES_ERROR;
				GCC_WARN_UNDECLARED_SELECTOR = YES;
				GCC_WARN_UNINITIALIZED_AUTOS = YES_AGGRESSIVE;
				GCC_WARN_UNUSED_FUNCTION = YES;
				GCC_WARN_UNUSED_VARIABLE = YES;
				IPHONEOS_DEPLOYMENT_TARGET = 17.5;
				LOCALIZATION_PREFERS_STRING_CATALOGS = YES;
				MTL_ENABLE_DEBUG_INFO = INCLUDE_SOURCE;
				MTL_FAST_MATH = YES;
				ONLY_ACTIVE_ARCH = YES;
				SDKROOT = iphoneos;
				SWIFT_ACTIVE_COMPILATION_CONDITIONS = "DEBUG $(inherited)";
				SWIFT_OPTIMIZATION_LEVEL = "-Onone";
			};
			name = Debug;
		};
		241DBB122C5D4CE700E9156F /* Release */ = {
			isa = XCBuildConfiguration;
			buildSettings = {
				ALWAYS_SEARCH_USER_PATHS = NO;
				ASSETCATALOG_COMPILER_GENERATE_SWIFT_ASSET_SYMBOL_EXTENSIONS = YES;
				CLANG_ANALYZER_NONNULL = YES;
				CLANG_ANALYZER_NUMBER_OBJECT_CONVERSION = YES_AGGRESSIVE;
				CLANG_CXX_LANGUAGE_STANDARD = "gnu++20";
				CLANG_ENABLE_MODULES = YES;
				CLANG_ENABLE_OBJC_ARC = YES;
				CLANG_ENABLE_OBJC_WEAK = YES;
				CLANG_WARN_BLOCK_CAPTURE_AUTORELEASING = YES;
				CLANG_WARN_BOOL_CONVERSION = YES;
				CLANG_WARN_COMMA = YES;
				CLANG_WARN_CONSTANT_CONVERSION = YES;
				CLANG_WARN_DEPRECATED_OBJC_IMPLEMENTATIONS = YES;
				CLANG_WARN_DIRECT_OBJC_ISA_USAGE = YES_ERROR;
				CLANG_WARN_DOCUMENTATION_COMMENTS = YES;
				CLANG_WARN_EMPTY_BODY = YES;
				CLANG_WARN_ENUM_CONVERSION = YES;
				CLANG_WARN_INFINITE_RECURSION = YES;
				CLANG_WARN_INT_CONVERSION = YES;
				CLANG_WARN_NON_LITERAL_NULL_CONVERSION = YES;
				CLANG_WARN_OBJC_IMPLICIT_RETAIN_SELF = YES;
				CLANG_WARN_OBJC_LITERAL_CONVERSION = YES;
				CLANG_WARN_OBJC_ROOT_CLASS = YES_ERROR;
				CLANG_WARN_QUOTED_INCLUDE_IN_FRAMEWORK_HEADER = YES;
				CLANG_WARN_RANGE_LOOP_ANALYSIS = YES;
				CLANG_WARN_STRICT_PROTOTYPES = YES;
				CLANG_WARN_SUSPICIOUS_MOVE = YES;
				CLANG_WARN_UNGUARDED_AVAILABILITY = YES_AGGRESSIVE;
				CLANG_WARN_UNREACHABLE_CODE = YES;
				CLANG_WARN__DUPLICATE_METHOD_MATCH = YES;
				COPY_PHASE_STRIP = NO;
				DEBUG_INFORMATION_FORMAT = "dwarf-with-dsym";
				ENABLE_NS_ASSERTIONS = NO;
				ENABLE_STRICT_OBJC_MSGSEND = YES;
				ENABLE_USER_SCRIPT_SANDBOXING = YES;
				GCC_C_LANGUAGE_STANDARD = gnu17;
				GCC_NO_COMMON_BLOCKS = YES;
				GCC_WARN_64_TO_32_BIT_CONVERSION = YES;
				GCC_WARN_ABOUT_RETURN_TYPE = YES_ERROR;
				GCC_WARN_UNDECLARED_SELECTOR = YES;
				GCC_WARN_UNINITIALIZED_AUTOS = YES_AGGRESSIVE;
				GCC_WARN_UNUSED_FUNCTION = YES;
				GCC_WARN_UNUSED_VARIABLE = YES;
				IPHONEOS_DEPLOYMENT_TARGET = 17.5;
				LOCALIZATION_PREFERS_STRING_CATALOGS = YES;
				MTL_ENABLE_DEBUG_INFO = NO;
				MTL_FAST_MATH = YES;
				SDKROOT = iphoneos;
				SWIFT_COMPILATION_MODE = wholemodule;
				VALIDATE_PRODUCT = YES;
			};
			name = Release;
		};
		241DBB142C5D4CE700E9156F /* Debug */ = {
			isa = XCBuildConfiguration;
			buildSettings = {
				ASSETCATALOG_COMPILER_APPICON_NAME = AppIcon;
				ASSETCATALOG_COMPILER_GLOBAL_ACCENT_COLOR_NAME = AccentColor;
				CODE_SIGN_STYLE = Automatic;
				CURRENT_PROJECT_VERSION = 1;
				DEVELOPMENT_ASSET_PATHS = "\"UMaxApp/Preview Content\"";
				ENABLE_PREVIEWS = YES;
				GENERATE_INFOPLIST_FILE = YES;
				INFOPLIST_KEY_UIApplicationSceneManifest_Generation = YES;
				INFOPLIST_KEY_UIApplicationSupportsIndirectInputEvents = YES;
				INFOPLIST_KEY_UILaunchScreen_Generation = YES;
				INFOPLIST_KEY_UISupportedInterfaceOrientations_iPad = "UIInterfaceOrientationPortrait UIInterfaceOrientationPortraitUpsideDown UIInterfaceOrientationLandscapeLeft UIInterfaceOrientationLandscapeRight";
				INFOPLIST_KEY_UISupportedInterfaceOrientations_iPhone = "UIInterfaceOrientationPortrait UIInterfaceOrientationLandscapeLeft UIInterfaceOrientationLandscapeRight";
				LD_RUNPATH_SEARCH_PATHS = (
					"$(inherited)",
					"@executable_path/Frameworks",
				);
				MARKETING_VERSION = 1.0;
				PRODUCT_BUNDLE_IDENTIFIER = aksheetd.UMaxApp;
				PRODUCT_NAME = "$(TARGET_NAME)";
				SWIFT_EMIT_LOC_STRINGS = YES;
				SWIFT_VERSION = 5.0;
				TARGETED_DEVICE_FAMILY = "1,2";
			};
			name = Debug;
		};
		241DBB152C5D4CE700E9156F /* Release */ = {
			isa = XCBuildConfiguration;
			buildSettings = {
				ASSETCATALOG_COMPILER_APPICON_NAME = AppIcon;
				ASSETCATALOG_COMPILER_GLOBAL_ACCENT_COLOR_NAME = AccentColor;
				CODE_SIGN_STYLE = Automatic;
				CURRENT_PROJECT_VERSION = 1;
				DEVELOPMENT_ASSET_PATHS = "\"UMaxApp/Preview Content\"";
				ENABLE_PREVIEWS = YES;
				GENERATE_INFOPLIST_FILE = YES;
				INFOPLIST_KEY_UIApplicationSceneManifest_Generation = YES;
				INFOPLIST_KEY_UIApplicationSupportsIndirectInputEvents = YES;
				INFOPLIST_KEY_UILaunchScreen_Generation = YES;
				INFOPLIST_KEY_UISupportedInterfaceOrientations_iPad = "UIInterfaceOrientationPortrait UIInterfaceOrientationPortraitUpsideDown UIInterfaceOrientationLandscapeLeft UIInterfaceOrientationLandscapeRight";
				INFOPLIST_KEY_UISupportedInterfaceOrientations_iPhone = "UIInterfaceOrientationPortrait UIInterfaceOrientationLandscapeLeft UIInterfaceOrientationLandscapeRight";
				LD_RUNPATH_SEARCH_PATHS = (
					"$(inherited)",
					"@executable_path/Frameworks",
				);
				MARKETING_VERSION = 1.0;
				PRODUCT_BUNDLE_IDENTIFIER = aksheetd.UMaxApp;
				PRODUCT_NAME = "$(TARGET_NAME)";
				SWIFT_EMIT_LOC_STRINGS = YES;
				SWIFT_VERSION = 5.0;
				TARGETED_DEVICE_FAMILY = "1,2";
			};
			name = Release;
		};
		241DBB172C5D4CE700E9156F /* Debug */ = {
			isa = XCBuildConfiguration;
			buildSettings = {
				ALWAYS_EMBED_SWIFT_STANDARD_LIBRARIES = YES;
				BUNDLE_LOADER = "$(TEST_HOST)";
				CODE_SIGN_STYLE = Automatic;
				CURRENT_PROJECT_VERSION = 1;
				GENERATE_INFOPLIST_FILE = YES;
				IPHONEOS_DEPLOYMENT_TARGET = 17.5;
				MARKETING_VERSION = 1.0;
				PRODUCT_BUNDLE_IDENTIFIER = aksheetd.UMaxAppTests;
				PRODUCT_NAME = "$(TARGET_NAME)";
				SWIFT_EMIT_LOC_STRINGS = NO;
				SWIFT_VERSION = 5.0;
				TARGETED_DEVICE_FAMILY = "1,2";
				TEST_HOST = "$(BUILT_PRODUCTS_DIR)/UMaxApp.app/$(BUNDLE_EXECUTABLE_FOLDER_PATH)/UMaxApp";
			};
			name = Debug;
		};
		241DBB182C5D4CE700E9156F /* Release */ = {
			isa = XCBuildConfiguration;
			buildSettings = {
				ALWAYS_EMBED_SWIFT_STANDARD_LIBRARIES = YES;
				BUNDLE_LOADER = "$(TEST_HOST)";
				CODE_SIGN_STYLE = Automatic;
				CURRENT_PROJECT_VERSION = 1;
				GENERATE_INFOPLIST_FILE = YES;
				IPHONEOS_DEPLOYMENT_TARGET = 17.5;
				MARKETING_VERSION = 1.0;
				PRODUCT_BUNDLE_IDENTIFIER = aksheetd.UMaxAppTests;
				PRODUCT_NAME = "$(TARGET_NAME)";
				SWIFT_EMIT_LOC_STRINGS = NO;
				SWIFT_VERSION = 5.0;
				TARGETED_DEVICE_FAMILY = "1,2";
				TEST_HOST = "$(BUILT_PRODUCTS_DIR)/UMaxApp.app/$(BUNDLE_EXECUTABLE_FOLDER_PATH)/UMaxApp";
			};
			name = Release;
		};
		241DBB1A2C5D4CE700E9156F /* Debug */ = {
			isa = XCBuildConfiguration;
			buildSettings = {
				ALWAYS_EMBED_SWIFT_STANDARD_LIBRARIES = YES;
				CODE_SIGN_STYLE = Automatic;
				CURRENT_PROJECT_VERSION = 1;
				GENERATE_INFOPLIST_FILE = YES;
				MARKETING_VERSION = 1.0;
				PRODUCT_BUNDLE_IDENTIFIER = aksheetd.UMaxAppUITests;
				PRODUCT_NAME = "$(TARGET_NAME)";
				SWIFT_EMIT_LOC_STRINGS = NO;
				SWIFT_VERSION = 5.0;
				TARGETED_DEVICE_FAMILY = "1,2";
				TEST_TARGET_NAME = UMaxApp;
			};
			name = Debug;
		};
		241DBB1B2C5D4CE700E9156F /* Release */ = {
			isa = XCBuildConfiguration;
			buildSettings = {
				ALWAYS_EMBED_SWIFT_STANDARD_LIBRARIES = YES;
				CODE_SIGN_STYLE = Automatic;
				CURRENT_PROJECT_VERSION = 1;
				GENERATE_INFOPLIST_FILE = YES;
				MARKETING_VERSION = 1.0;
				PRODUCT_BUNDLE_IDENTIFIER = aksheetd.UMaxAppUITests;
				PRODUCT_NAME = "$(TARGET_NAME)";
				SWIFT_EMIT_LOC_STRINGS = NO;
				SWIFT_VERSION = 5.0;
				TARGETED_DEVICE_FAMILY = "1,2";
				TEST_TARGET_NAME = UMaxApp;
			};
			name = Release;
		};
/* End XCBuildConfiguration section */

/* Begin XCConfigurationList section */
		241DBAEA2C5D4CE400E9156F /* Build configuration list for PBXProject "UMaxApp" */ = {
			isa = XCConfigurationList;
			buildConfigurations = (
				241DBB112C5D4CE700E9156F /* Debug */,
				241DBB122C5D4CE700E9156F /* Release */,
			);
			defaultConfigurationIsVisible = 0;
			defaultConfigurationName = Release;
		};
		241DBB132C5D4CE700E9156F /* Build configuration list for PBXNativeTarget "UMaxApp" */ = {
			isa = XCConfigurationList;
			buildConfigurations = (
				241DBB142C5D4CE700E9156F /* Debug */,
				241DBB152C5D4CE700E9156F /* Release */,
			);
			defaultConfigurationIsVisible = 0;
			defaultConfigurationName = Release;
		};
		241DBB162C5D4CE700E9156F /* Build configuration list for PBXNativeTarget "UMaxAppTests" */ = {
			isa = XCConfigurationList;
			buildConfigurations = (
				241DBB172C5D4CE700E9156F /* Debug */,
				241DBB182C5D4CE700E9156F /* Release */,
			);
			defaultConfigurationIsVisible = 0;
			defaultConfigurationName = Release;
		};
		241DBB192C5D4CE700E9156F /* Build configuration list for PBXNativeTarget "UMaxAppUITests" */ = {
			isa = XCConfigurationList;
			buildConfigurations = (
				241DBB1A2C5D4CE700E9156F /* Debug */,
				241DBB1B2C5D4CE700E9156F /* Release */,
			);
			defaultConfigurationIsVisible = 0;
			defaultConfigurationName = Release;
		};
/* End XCConfigurationList section */
	};
	rootObject = 241DBAE72C5D4CE400E9156F /* Project object */;
}
